
Microsoft Visual Studio Solution File, Format Version 12.00
# Visual Studio Version 17
VisualStudioVersion = 17.13.35919.96
MinimumVisualStudioVersion = 10.0.40219.1
Project("{FAE04EC0-301F-11D3-BF4B-00C04F79EFBC}") = "Api", "Api\Api.csproj", "{0A603663-7192-4836-9EF4-41D8C023A65B}"
EndProject
Project("{FAE04EC0-301F-11D3-BF4B-00C04F79EFBC}") = "Domain", "Domain\Domain.csproj", "{C3CAF154-4B32-4E6F-8C1D-57BED5C86AB5}"
EndProject
Project("{FAE04EC0-301F-11D3-BF4B-00C04F79EFBC}") = "Shared", "Shared\Shared.csproj", "{F99DE7C9-1DC1-4E89-AFE0-2D346CDBEAF4}"
EndProject
Project("{FAE04EC0-301F-11D3-BF4B-00C04F79EFBC}") = "Persistence", "Persistence\Persistence.csproj", "{C735DF0E-CB98-4246-A122-2E29E85A748B}"
EndProject
Project("{FAE04EC0-301F-11D3-BF4B-00C04F79EFBC}") = "Services", "Services\Services.csproj", "{203885DE-2335-4229-9DB9-C0BDC1CA0B81}"
EndProject
Project("{FAE04EC0-301F-11D3-BF4B-00C04F79EFBC}") = "Logging", "Logging\Logging.csproj", "{C4182060-453B-4D29-9886-80F5C2373BBF}"
EndProject
Global
	GlobalSection(SolutionConfigurationPlatforms) = preSolution
		Debug|Any CPU = Debug|Any CPU
		Release|Any CPU = Release|Any CPU
	EndGlobalSection
	GlobalSection(ProjectConfigurationPlatforms) = postSolution
		{0A603663-7192-4836-9EF4-41D8C023A65B}.Debug|Any CPU.ActiveCfg = Debug|Any CPU
		{0A603663-7192-4836-9EF4-41D8C023A65B}.Debug|Any CPU.Build.0 = Debug|Any CPU
		{0A603663-7192-4836-9EF4-41D8C023A65B}.Release|Any CPU.ActiveCfg = Release|Any CPU
		{0A603663-7192-4836-9EF4-41D8C023A65B}.Release|Any CPU.Build.0 = Release|Any CPU
		{C3CAF154-4B32-4E6F-8C1D-57BED5C86AB5}.Debug|Any CPU.ActiveCfg = Debug|Any CPU
		{C3CAF154-4B32-4E6F-8C1D-57BED5C86AB5}.Debug|Any CPU.Build.0 = Debug|Any CPU
		{C3CAF154-4B32-4E6F-8C1D-57BED5C86AB5}.Release|Any CPU.ActiveCfg = Release|Any CPU
		{C3CAF154-4B32-4E6F-8C1D-57BED5C86AB5}.Release|Any CPU.Build.0 = Release|Any CPU
		{F99DE7C9-1DC1-4E89-AFE0-2D346CDBEAF4}.Debug|Any CPU.ActiveCfg = Debug|Any CPU
		{F99DE7C9-1DC1-4E89-AFE0-2D346CDBEAF4}.Debug|Any CPU.Build.0 = Debug|Any CPU
		{F99DE7C9-1DC1-4E89-AFE0-2D346CDBEAF4}.Release|Any CPU.ActiveCfg = Release|Any CPU
		{F99DE7C9-1DC1-4E89-AFE0-2D346CDBEAF4}.Release|Any CPU.Build.0 = Release|Any CPU
		{C735DF0E-CB98-4246-A122-2E29E85A748B}.Debug|Any CPU.ActiveCfg = Debug|Any CPU
		{C735DF0E-CB98-4246-A122-2E29E85A748B}.Debug|Any CPU.Build.0 = Debug|Any CPU
		{C735DF0E-CB98-4246-A122-2E29E85A748B}.Release|Any CPU.ActiveCfg = Release|Any CPU
		{C735DF0E-CB98-4246-A122-2E29E85A748B}.Release|Any CPU.Build.0 = Release|Any CPU
		{203885DE-2335-4229-9DB9-C0BDC1CA0B81}.Debug|Any CPU.ActiveCfg = Debug|Any CPU
		{203885DE-2335-4229-9DB9-C0BDC1CA0B81}.Debug|Any CPU.Build.0 = Debug|Any CPU
		{203885DE-2335-4229-9DB9-C0BDC1CA0B81}.Release|Any CPU.ActiveCfg = Release|Any CPU
		{203885DE-2335-4229-9DB9-C0BDC1CA0B81}.Release|Any CPU.Build.0 = Release|Any CPU
		{C4182060-453B-4D29-9886-80F5C2373BBF}.Debug|Any CPU.ActiveCfg = Debug|Any CPU
		{C4182060-453B-4D29-9886-80F5C2373BBF}.Debug|Any CPU.Build.0 = Debug|Any CPU
		{C4182060-453B-4D29-9886-80F5C2373BBF}.Release|Any CPU.ActiveCfg = Release|Any CPU
		{C4182060-453B-4D29-9886-80F5C2373BBF}.Release|Any CPU.Build.0 = Release|Any CPU
	EndGlobalSection
	GlobalSection(SolutionProperties) = preSolution
		HideSolutionNode = FALSE
	EndGlobalSection
	GlobalSection(ExtensibilityGlobals) = postSolution
		SolutionGuid = {89CF519A-C5BF-4758-91A7-4DCAB3841CD5}
	EndGlobalSection
EndGlobal
