
Microsoft Visual Studio Solution File, Format Version 12.00
# Visual Studio Version 17
VisualStudioVersion = 17.13.35919.96 d17.13
MinimumVisualStudioVersion = 10.0.40219.1
Project("{FAE04EC0-301F-11D3-BF4B-00C04F79EFBC}") = "Api", "Api\Api.csproj", "{0A603663-7192-4836-9EF4-41D8C023A65B}"
EndProject
Global
	GlobalSection(SolutionConfigurationPlatforms) = preSolution
		Debug|Any CPU = Debug|Any CPU
		Release|Any CPU = Release|Any CPU
	EndGlobalSection
	GlobalSection(ProjectConfigurationPlatforms) = postSolution
		{0A603663-7192-4836-9EF4-41D8C023A65B}.Debug|Any CPU.ActiveCfg = Debug|Any CPU
		{0A603663-7192-4836-9EF4-41D8C023A65B}.Debug|Any CPU.Build.0 = Debug|Any CPU
		{0A603663-7192-4836-9EF4-41D8C023A65B}.Release|Any CPU.ActiveCfg = Release|Any CPU
		{0A603663-7192-4836-9EF4-41D8C023A65B}.Release|Any CPU.Build.0 = Release|Any CPU
	EndGlobalSection
	GlobalSection(SolutionProperties) = preSolution
		HideSolutionNode = FALSE
	EndGlobalSection
	GlobalSection(ExtensibilityGlobals) = postSolution
		SolutionGuid = {89CF519A-C5BF-4758-91A7-4DCAB3841CD5}
	EndGlobalSection
EndGlobal
